
Microsoft Visual Studio Solution File, Format Version 12.00
# Visual Studio 15
VisualStudioVersion = 15.0.28307.572
MinimumVisualStudioVersion = 10.0.40219.1
Project("{FAE04EC0-301F-11D3-BF4B-00C04F79EFBC}") = "OOP_ODEV", "OOP_ODEV\OOP_ODEV.csproj", "{969BBF6F-9AAE-4972-BA0A-A3BBAEE9AF22}"
EndProject
Global
	GlobalSection(SolutionConfigurationPlatforms) = preSolution
		Debug|Any CPU = Debug|Any CPU
		Release|Any CPU = Release|Any CPU
	EndGlobalSection
	GlobalSection(ProjectConfigurationPlatforms) = postSolution
		{969BBF6F-9AAE-4972-BA0A-A3BBAEE9AF22}.Debug|Any CPU.ActiveCfg = Debug|Any CPU
		{969BBF6F-9AAE-4972-BA0A-A3BBAEE9AF22}.Debug|Any CPU.Build.0 = Debug|Any CPU
		{969BBF6F-9AAE-4972-BA0A-A3BBAEE9AF22}.Release|Any CPU.ActiveCfg = Release|Any CPU
		{969BBF6F-9AAE-4972-BA0A-A3BBAEE9AF22}.Release|Any CPU.Build.0 = Release|Any CPU
	EndGlobalSection
	GlobalSection(SolutionProperties) = preSolution
		HideSolutionNode = FALSE
	EndGlobalSection
	GlobalSection(ExtensibilityGlobals) = postSolution
		SolutionGuid = {2AE52B7D-9D97-4346-90F8-5F4D9D1386AF}
	EndGlobalSection
EndGlobal
